{
  "name": "mente-viva",
  "version": "1.0.0",
  "lockfileVersion": 3,
  "requires": true,
  "packages": {
    "": {
      "name": "mente-viva",
      "version": "1.0.0",
      "license": "ISC",
      "dependencies": {
        "@google/genai": "^0.1.0",
        "@supabase/supabase-js": "^2.39.0",
        "date-fns": "^3.0.6",
        "react": "^18.2.0",
        "react-dom": "^18.2.0",
        "react-router-dom": "^6.21.1",
        "recharts": "^2.10.3"
      },
      "devDependencies": {
        "@types/react": "^18.2.43",
        "@types/react-dom": "^18.2.17",
        "@vitejs/plugin-react": "^4.2.1",
        "typescript": "^5.2.2",
        "vite": "^5.0.8"
      }
    },
    "node_modules/@babel/runtime": {
      "version": "7.23.6",
      "resolved": "https://registry.npmjs.org/@babel/runtime/-/runtime-7.23.6.tgz",
      "integrity": "sha512-f2H2B3/458aP9h5/AsHwJ5PAe53YSO221bEUkIlLSeyK4iCEaKdtpM7gE3Vz9MdjL95kS+Y7c+flx/t51MfaOw==",
      "dependencies": {
        "regenerator-runtime": "^0.14.0"
      },
      "engines": {
        "node": ">=6.9.0"
      }
    },
    "node_modules/@emotion/is-prop-valid": {
      "version": "1.2.1",
      "resolved": "https://registry.npmjs.org/@emotion/is-prop-valid/-/is-prop-valid-1.2.1.tgz",
      "integrity": "sha512-K4R9K7L+T52iFGw6n2x1e2ECg/8GvaceIs+4e+b2N8dl7jbrT342jL23U5X3A+1M8g4yPPr8y3Q2pEpwFmDPOA==",
      "dependencies": {
        "@emotion/memoize": "^0.8.0"
      }
    },
    "node_modules/@emotion/memoize": {
      "version": "0.8.1",
      "resolved": "https://registry.npmjs.org/@emotion/memoize/-/memoize-0.8.1.tgz",
      "integrity": "sha512-2n2L/f2U9of4zY1Xwe3geimfl3FzDANdD6GMfhrr3nrdp5fR05aFvqOA3SgZySAFN1Yx5v77aHBKDbBlzaMCEw=="
    },
    "node_modules/@esbuild/aix-ppc64": {
      "version": "0.19.9",
      "resolved": "https://registry.npmjs.org/@esbuild/aix-ppc64/-/aix-ppc64-0.19.9.tgz",
      "integrity": "sha512-70/fK2tU1H6P3+1L14s9z4/oB4m60t3t3V7G2+u15hQ6i69u326LzQ5tA2hV9u1bMvKz2i9jX0Fk7UjA==",
      "cpu": [
        "ppc64"
      ],
      "optional": true,
      "os": [
        "aix"
      ],
      "engines": {
        "node": ">=12"
      }
    },
    "node_modules/@esbuild/android-arm": {
      "version": "0.19.9",
      "resolved": "https://registry.npmjs.org/@esbuild/android-arm/-/android-arm-0.19.9.tgz",
      "integrity": "sha512-i+XkCj6/m3+kIq+0+Pj/gS87rM2Qk/d2nK8H6x7e+4F8zLgA5bO3h/oB5O3yJt8nBq6gq14c67vC74hA==",
      "cpu": [
        "arm"
      ],
      "optional": true,
      "os": [
        "android"
      ],
      "engines": {
        "node": ">=12"
      }
    },
    "node_modules/@esbuild/android-arm64": {
      "version": "0.19.9",
      "resolved": "https://registry.npmjs.org/@esbuild/android-arm64/-/android-arm64-0.19.9.tgz",
      "integrity": "sha512-c2nQf4WpI0dPY92bTz3G190y7GgzR+zxzH3T2k8axK3v8iGfXw8v5sW2/f+x9e/w0jB5oBllz5T6vWz8gQ1o1w==",
      "cpu": [
        "arm64"
      ],
      "optional": true,
      "os": [
        "android"
      ],
      "engines": {
        "node": ">=12"
      }
    },
    "node_modules/@esbuild/android-x64": {
      "version": "0.19.9",
      "resolved": "https://registry.npmjs.org/@esbuild/android-x64/-/android-x64-0.19.9.tgz",
      "integrity": "sha512-T+03u+M0Y71nLDP9Xf2w7C6/Ew6dSEe5Kj1l/tXg7L0I0FmHwE5g+9fQW+wYwVb9y95u8L51k+37jJ5Y7q0tQ==",
      "cpu": [
        "x64"
      ],
      "optional": true,
      "os": [
        "android"
      ],
      "engines": {
        "node": ">=12"
      }
    },
    "node_modules/@esbuild/darwin-arm64": {
      "version": "0.19.9",
      "resolved": "https://registry.npmjs.org/@esbuild/darwin-arm64/-/darwin-arm64-0.19.9.tgz",
      "integrity": "sha512-m37+iY/P6Yn8qWkM234Jg+iZgq2sH3eWEMk9F2pW12R4oU+XpCtQvjXDI32lBBl+6CDeaQ/tN2/qQ8h58K64g==",
      "cpu": [
        "arm64"
      ],
      "optional": true,
      "os": [
        "darwin"
      ],
      "engines": {
        "node": ">=12"
      }
    },
    "node_modules/@esbuild/darwin-x64": {
      "version": "0.19.9",
      "resolved": "https://registry.npmjs.org/@esbuild/darwin-x64/-/darwin-x64-0.19.9.tgz",
      "integrity": "sha512-92Q2T0z3r2KLY7zC3N4Jq2Mpe6B4aK6v6yYf9V02iJ5x5y58w78s+5EaF/vX6v+d78nEOPkG876E/U143/iog==",
      "cpu": [
        "x64"
      ],
      "optional": true,
      "os": [
        "darwin"
      ],
      "engines": {
        "node": ">=12"
      }
    },
    "node_modules/@esbuild/freebsd-arm64": {
      "version": "0.19.9",
      "resolved": "https://registry.npmjs.org/@esbuild/freebsd-arm64/-/freebsd-arm64-0.19.9.tgz",
      "integrity": "sha512-xLhW7S8S/zHkE6g2A1mI7hEwW3HhY/2pMv3v0W2OAEW3pE7+QfP4aXw55uP3sZ73x2k31T8/m4nS9X+EQ==",
      "cpu": [
        "arm64"
      ],
      "optional": true,
      "os": [
        "freebsd"
      ],
      "engines": {
        "node": ">=12"
      }
    },
    "node_modules/@esbuild/freebsd-x64": {
      "version": "0.19.9",
      "resolved": "https://registry.npmjs.org/@esbuild/freebsd-x64/-/freebsd-x64-0.19.9.tgz",
      "integrity": "sha512-H+zBvJ4G1qD3iL84Ovv597c5p1D6s4qW5+8jV2T9VdIqwjC37yvV2fC42W0W+0O/Qk/hKzK2fQ4s04bBw==",
      "cpu": [
        "x64"
      ],
      "optional": true,
      "os": [
        "freebsd"
      ],
      "engines": {
        "node": ">=12"
      }
    },
    "node_modules/@esbuild/linux-arm": {
      "version": "0.19.9",
      "resolved": "https://registry.npmjs.org/@esbuild/linux-arm/-/linux-arm-0.19.9.tgz",
      "integrity": "sha512-4L1H6z2N0kABXkH7vlljDGFy7T7Jq+JpWq9gX+kFzKj1u2+Mnb4Jsi5+qsfB0IeIs56vD9rM2S5jE+k2W/bKTA==",
      "cpu": [
        "arm"
      ],
      "optional": true,
      "os": [
        "linux"
      ],
      "engines": {
        "node": ">=12"
      }
    },
    "node_modules/@esbuild/linux-arm64": {
      "version": "0.19.9",
      "resolved": "https://registry.npmjs.org/@esbuild/linux-arm64/-/linux-arm64-0.19.9.tgz",
      "integrity": "sha512-jAqnGck1j/gGNkR+Q3uUfN5z4rGkQv8X1j1nL48bL2wGz7A6t9G1R71fJ/oG+4wIxd8+T7LniPRxK+7Rg==",
      "cpu": [
        "arm64"
      ],
      "optional": true,
      "os": [
        "linux"
      ],
      "engines": {
        "node": ">=12"
      }
    },
    "node_modules/@esbuild/linux-ia32": {
      "version": "0.19.9",
      "resolved": "https://registry.npmjs.org/@esbuild/linux-ia32/-/linux-ia32-0.19.9.tgz",
      "integrity": "sha512-kI0M1Xq7+pG7E4m5m754t3rNsqE8mYpXFqf9zPz753uI5yH/vN+6qW/bQn2oA3u258gDqYJ5cM6uB/l2g==",
      "cpu": [
        "ia32"
      ],
      "optional": true,
      "os": [
        "linux"
      ],
      "engines": {
        "node": ">=12"
      }
    },
    "node_modules/@esbuild/linux-loong64": {
      "version": "0.19.9",
      "resolved": "https://registry.npmjs.org/@esbuild/linux-loong64/-/linux-loong64-0.19.9.tgz",
      "integrity": "sha512-v9K8/9zD+kLYB0e6e7yG1w00q3W5P8lK4+C0GZ/M2JkIeO8s2P/v26vPQRnB6xQz/S3oZlWjM0N2W3w2w==",
      "cpu": [
        "loong64"
      ],
      "optional": true,
      "os": [
        "linux"
      ],
      "engines": {
        "node": ">=12"
      }
    },
    "node_modules/@esbuild/linux-mips64el": {
      "version": "0.19.9",
      "resolved": "https://registry.npmjs.org/@esbuild/linux-mips64el/-/linux-mips64el-0.19.9.tgz",
      "integrity": "sha512-B67vJmB9c+eD0P9iQdYc3VxsjYF4YcW15F15b8QvP6b2e3wY1d6MThp2sM8aFwGv3j28zWjR+u7MvL15g==",
      "cpu": [
        "mips64el"
      ],
      "optional": true,
      "os": [
        "linux"
      ],
      "engines": {
        "node": ">=12"
      }
    },
    "node_modules/@esbuild/linux-ppc64": {
      "version": "0.19.9",
      "resolved": "https://registry.npmjs.org/@esbuild/linux-ppc64/-/linux-ppc64-0.19.9.tgz",
      "integrity": "sha512-Y3U72O+28pG3bwtVbV2W9c+tCqK/2wH+kOAFM0oDZaCMs2zAKb8V+9jA9E/c1h5O6YnIu3E5O+7+e4R5gH7D8g==",
      "cpu": [
        "ppc64"
      ],
      "optional": true,
      "os": [
        "linux"
      ],
      "engines": {
        "node": ">=12"
      }
    },
    "node_modules/@esbuild/linux-riscv64": {
      "version": "0.19.9",
      "resolved": "https://registry.npmjs.org/@esbuild/linux-riscv64/-/linux-riscv64-0.19.9.tgz",
      "integrity": "sha512-4Gj1YfC+T/vX7zO/1wN/z3h5k/g0KEMM/Q9D9yl9M+L+9Lp3d3oR23YgGq+S2e2E45S/IwxR2Gz0J4Ghmw==",
      "cpu": [
        "riscv64"
      ],
      "optional": true,
      "os": [
        "linux"
      ],
      "engines": {
        "node": ">=12"
      }
    },
    "node_modules/@esbuild/linux-s390x": {
      "version": "0.19.9",
      "resolved": "https://registry.npmjs.org/@esbuild/linux-s390x/-/linux-s390x-0.19.9.tgz",
      "integrity": "sha512-H97rYpGkX7cScNq0YpMRtLqV/r8tWztwzQKzE7fW2gH8pOHYI/NL2/V68L55x2v8T8qfH5Tfr/oI4yI018W51w==",
      "cpu": [
        "s390x"
      ],
      "optional": true,
      "os": [
        "linux"
      ],
      "engines": {
        "node": ">=12"
      }
    },
    "node_modules/@esbuild/linux-x64": {
      "version": "0.19.9",
      "resolved": "https://registry.npmjs.org/@esbuild/linux-x64/-/linux-x64-0.19.9.tgz",
      "integrity": "sha512-3s7cO1wN28Y2y6oJ6R/pQ/K2l3n23gEuP4W25s1n+3yYl+7sY/s1tXb4Lqv0pL85O4hLJEa97iYJ3E55Q==",
      "cpu": [
        "x64"
      ],
      "optional": true,
      "os": [
        "linux"
      ],
      "engines": {
        "node": ">=12"
      }
    },
    "node_modules/@esbuild/netbsd-x64": {
      "version": "0.19.9",
      "resolved": "https://registry.npmjs.org/@esbuild/netbsd-x64/-/netbsd-x64-0.19.9.tgz",
      "integrity": "sha512-Fp+m5aX1n9w54B8tV1+u2+W4eGpz4nK/0yQdZ6lBPhG6gH0kSJa+I/D5yq+eHqD2l8VSoK2yv5Cj05T0uQ==",
      "cpu": [
        "x64"
      ],
      "optional": true,
      "os": [
        "netbsd"
      ],
      "engines": {
        "node": ">=12"
      }
    },
    "node_modules/@esbuild/openbsd-x64": {
      "version": "0.19.9",
      "resolved": "https://registry.npmjs.org/@esbuild/openbsd-x64/-/openbsd-x64-0.19.9.tgz",
      "integrity": "sha512-2lR/kK4yB3sM7FzP3uK4Xv2vWz3b2e5w2fA4EEXyD6Nns48XU5/qHhf4K7Kqa0b51f0rBfQ2l6n3u0YkLg==",
      "cpu": [
        "x64"
      ],
      "optional": true,
      "os": [
        "openbsd"
      ],
      "engines": {
        "node": ">=12"
      }
    },
    "node_modules/@esbuild/sun-x64": {
      "version": "0.19.9",
      "resolved": "https://registry.npmjs.org/@esbuild/sun-x64/-/sun-x64-0.19.9.tgz",
      "integrity": "sha512-QpQYf9r7z1L+o3s/vK0i8K/KUS5fAHRW2mYgSjEn3+Qp14Jc7VZZY2G1h3rA8258Rk33fG9F6mK+r8m0b5K1yw==",
      "cpu": [
        "x64"
      ],
      "optional": true,
      "os": [
        "sunos"
      ],
      "engines": {
        "node": ">=12"
      }
    },
    "node_modules/@esbuild/windows-arm64": {
      "version": "0.19.9",
      "resolved": "https://registry.npmjs.org/@esbuild/windows-arm64/-/windows-arm64-0.19.9.tgz",
      "integrity": "sha512-S9vFkL0u325/D7XJDL/05+j21uHW81rY+J3qM7V/V9qY+Bgs9X5d2M6yT+QhMsnfW5WjM2TjQ+f1sC8B4C/Gg==",
      "cpu": [
        "arm64"
      ],
      "optional": true,
      "os": [
        "win32"
      ],
      "engines": {
        "node": ">=12"
      }
    },
    "node_modules/@esbuild/windows-ia32": {
      "version": "0.19.9",
      "resolved": "https://registry.npmjs.org/@esbuild/windows-ia32/-/windows-ia32-0.19.9.tgz",
      "integrity": "sha512-Q2zIuXgZlMh9QyK4Lz3Q3iM0d/O5X/s3T1k0bOa2VbYJ5K51vVp111zF7G+y5e/uY5sOjpU/s0tB/150A==",
      "cpu": [
        "ia32"
      ],
      "optional": true,
      "os": [
        "win32"
      ],
      "engines": {
        "node": ">=12"
      }
    },
    "node_modules/@esbuild/windows-x64": {
      "version": "0.19.9",
      "resolved": "https://registry.npmjs.org/@esbuild/windows-x64/-/windows-x64-0.19.9.tgz",
      "integrity": "sha512-3yqK+KJJHcmxO/H6aUa6sXqP1h1k0KmM7qW0L1mJ62lsu9vLhXRCm8RU9s8w/VZT+Y74mBqWf/Vb0I6N62/fSA==",
      "cpu": [
        "x64"
      ],
      "optional": true,
      "os": [
        "win32"
      ],
      "engines": {
        "node": ">=12"
      }
    },
    "node_modules/@google/genai": {
      "version": "0.1.0",
      "resolved": "https://registry.npmjs.org/@google/genai/-/genai-0.1.0.tgz",
      "integrity": "sha512-i+7y6K03WwJ7FkF1kIqLgI+k8uJ1/Gv1O/eUDA4Ei+6VbK4Jz7+T3uH0MhHjy/hW1Qd3eWj+n0+MhW9d5Q=="
    },
    "node_modules/@supabase/functions-js": {
      "version": "2.1.2",
      "resolved": "https://registry.npmjs.org/@supabase/functions-js/-/functions-js-2.1.2.tgz",
      "integrity": "sha512-C83k82mC1f0K/dYJ1z5U2TExM7A935m69H4bWqO72E2/W64Ua0I0J8u+2qD2x3uU7fC+UvOQ08z71g==",
      "dependencies": {
        "cross-fetch": "^3.1.5"
      }
    },
    "node_modules/@supabase/gotrue-js": {
      "version": "2.5.4",
      "resolved": "https://registry.npmjs.org/@supabase/gotrue-js/-/gotrue-js-2.5.4.tgz",
      "integrity": "sha512-iN340mYvjO5u3l9f/15i0pPbfX/t9yQG72yVwXQx0sCg1aA8YdJ5O8j1i2cW0Qy62d4u67VqC/hDjw==",
      "dependencies": {
        "cross-fetch": "^3.1.5",
        "jwt-decode": "^3.1.2"
      }
    },
    "node_modules/@supabase/postgrest-js": {
      "version": "1.7.3",
      "resolved": "https://registry.npmjs.org/@supabase/postgrest-js/-/postgrest-js-1.7.3.tgz",
      "integrity": "sha512-T+F5oDAkXG+zM51y5P2oJdO2L/c8TzHhA2VjEa0v7a2/nS1i0+3H1K6435+b6Gf1XjXzWf2n+d9qEQ==",
      "dependencies": {
        "cross-fetch": "^3.1.5"
      }
    },
    "node_modules/@supabase/realtime-js": {
      "version": "2.7.3",
      "resolved": "https://registry.npmjs.org/@supabase/realtime-js/-/realtime-js-2.7.3.tgz",
      "integrity": "sha512-2lP25K1R6Lp8m6+6u1j1C2kK8j2GfWn6qgE7P/s3l4nSW/E/C9k0Qx8f/33l9C2r+wQ6nL/70H+4qK+Vg==",
      "dependencies": {
        "@supabase/node-fetch": "^2.6.1"
      }
    },
    "node_modules/@supabase/storage-js": {
      "version": "2.5.1",
      "resolved": "https://registry.npmjs.org/@supabase/storage-js/-/storage-js-2.5.1.tgz",
      "integrity": "sha512-4L1yN2vT8z4eEExCdB4fU1h+1H9C+rWb7v/2/hQ2lB3f/M38/F99l8S62208/2U0bCq3bJ/3mC0v6w==",
      "dependencies": {
        "cross-fetch": "^3.1.5"
      }
    },
    "node_modules/@supabase/supabase-js": {
      "version": "2.39.0",
      "resolved": "https://registry.npmjs.org/@supabase/supabase-js/-/supabase-js-2.39.0.tgz",
      "integrity": "sha512-5/Q8z5F8wO0wXkL+kNdGkxuZ90f4wX0/zKj131ylW3O8v2QkH+5wVdfd15j9KSCeDq/87jV0iK0W36jN9V3y4w==",
      "dependencies": {
        "@supabase/functions-js": "2.1.2",
        "@supabase/gotrue-js": "2.5.4",
        "@supabase/postgrest-js": "1.7.3",
        "@supabase/realtime-js": "2.7.3",
        "@supabase/storage-js": "2.5.1",
        "cross-fetch": "^3.1.5"
      }
    },
    "node_modules/@types/node": {
      "version": "20.10.4",
      "resolved": "https://registry.npmjs.org/@types/node/-/node-20.10.4.tgz",
      "integrity": "sha512-D0Wf4/YScEHn3mgMW6y2VQe1w+0ZWepC7b18sc2WH8N253D/sFcp3K/w0lCQh3rQWpw2E7XGle4nZ3lXgQ3A2Q==",
      "dev": true,
      "dependencies": {
        "undici-types": "~5.26.4"
      }
    },
    "node_modules/@types/prop-types": {
      "version": "15.7.11",
      "resolved": "https://registry.npmjs.org/@types/prop-types/-/prop-types-15.7.11.tgz",
      "integrity": "sha512-gaK3Fim1TWiLPw7aI4sZZM39AZ3aI3P43rhA2n3Mnd4Ie2YQvTDb595z14F9e2s6FvJ3p4cWRK8rI2B3y2a2g==",
      "dev": true
    },
    "node_modules/@types/react": {
      "version": "18.2.43",
      "resolved": "https://registry.npmjs.org/@types/react/-/react-18.2.43.tgz",
      "integrity": "sha512-3kU2fV9K3s5aY8dD3/NgXu5Z4kF0Q34ZFsxK7j2gn0loV7P57H0JZ2DkKgOHVb3oa/pQEbWjB2e+OBY6pU3sXQ==",
      "dev": true,
      "dependencies": {
        "@types/prop-types": "*",
        "csstype": "^3.0.2"
      }
    },
    "node_modules/@types/react-dom": {
      "version": "18.2.17",
      "resolved": "https://registry.npmjs.org/@types/react-dom/-/react-dom-18.2.17.tgz",
      "integrity": "sha512-h4n22J52wehi/gW9bPHbCDVQUJys13Xb2s36B3AxUJjDxf3+4PZfTzTu4EblA2KX8y2zWn+hXGz6h5v42y1r1Q==",
      "dev": true,
      "dependencies": {
        "@types/react": "*"
      }
    },
    "node_modules/@vitejs/plugin-react": {
      "version": "4.2.1",
      "resolved": "https://registry.npmjs.org/@vitejs/plugin-react/-/plugin-react-4.2.1.tgz",
      "integrity": "sha512-hr5vKEna6L2bA7G9bXv2VdD3g2W2AP67v/e58x1M5e5qJbcN4XyTmi3bboNfWwF7FauT1I93/bY2l382oA+feg==",
      "dev": true,
      "dependencies": {
        "@babel/runtime": "^7.23.0"
      },
      "peerDependencies": {
        "vite": "^4.2.0 || ^5.0.0"
      }
    },
    "node_modules/cross-fetch": {
      "version": "3.1.6",
      "resolved": "https://registry.npmjs.org/cross-fetch/-/cross-fetch-3.1.6.tgz",
      "integrity": "sha512-82L2lHj8wM34jgAmad8gY9hNBL2Glr5S9L6D22flpX2XR856W0FCRkbfn6nTzOh3d2cW0u9q2T95fTvs22krfg==",
      "dependencies": {
        "node-fetch": "2.6.9"
      }
    },
    "node_modules/csstype": {
      "version": "3.1.2",
      "resolved": "https://registry.npmjs.org/csstype/-/csstype-3.1.2.tgz",
      "integrity": "sha512-I7K1Uu0YACy12iA1kyv4G13scgN/K2Xz8AXS1roY2V4telk9dcY8SYopmI4DNrJ211A1D7NnQ55a0pTMW2p22Q==",
      "dev": true
    },
    "node_modules/d3-scale": {
      "version": "4.0.2",
      "resolved": "https://registry.npmjs.org/d3-scale/-/d3-scale-4.0.2.tgz",
      "integrity": "sha512-Y1Ycb0c3LS05FIOHc35EwXo+qaKC4aI/Pz/b440V5b22b0c3Y5n8A08P36h6IqKx/FM3a7yqK2lQkQWe6qfsg==",
      "dependencies": {
        "d3-array": "3",
        "d3-format": "3",
        "d3-interpolate": "3",
        "d3-time": "3",
        "d3-time-format": "4"
      }
    },
    "node_modules/d3-shape": {
      "version": "3.2.0",
      "resolved": "https://registry.npmjs.org/d3-shape/-/d3-shape-3.2.0.tgz",
      "integrity": "sha512-sETVGPqtJ23I5lmL6W32aY/k2N/13Sd/11B2v4rA+aM6ykooQxwmjU2Q4k21+bHY6/t2o6aRk1XF2g0jxvD72Q==",
      "dependencies": {
        "d3-path": "3"
      }
    },
    "node_modules/date-fns": {
      "version": "3.0.6",
      "resolved": "https://registry.npmjs.org/date-fns/-/date-fns-3.0.6.tgz",
      "integrity": "sha512-Qzh9L1+s2LgR6t9i2aIdC3S+B23sJtxo9vOa85/Ysoh5e0pL7EuVf2b32pW1jWVjAOk/rVbV3zWf43m/AP9mKw==",
      "engines": {
        "node": ">=14.20.0"
      },
      "funding": {
        "type": "opencollective",
        "url": "https://opencollective.com/date-fns"
      }
    },
    "node_modules/esbuild": {
      "version": "0.19.9",
      "resolved": "https://registry.npmjs.org/esbuild/-/esbuild-0.19.9.tgz",
      "integrity": "sha512-Qf/2M26h42JKTBOFmxlp5Vp1X1e5o2Q9AWmBxbM8C+a21LRsCgo4EqUaWII025aW1j/AHy1mXkL5n623Vwx7CA==",
      "dev": true,
      "hasInstallScript": true,
      "bin": {
        "esbuild": "bin/esbuild"
      },
      "engines": {
        "node": ">=12"
      },
      "optionalDependencies": {
        "@esbuild/aix-ppc64": "0.19.9",
        "@esbuild/android-arm": "0.19.9",
        "@esbuild/android-arm64": "0.19.9",
        "@esbuild/android-x64": "0.19.9",
        "@esbuild/darwin-arm64": "0.19.9",
        "@esbuild/darwin-x64": "0.19.9",
        "@esbuild/freebsd-arm64": "0.19.9",
        "@esbuild/freebsd-x64": "0.19.9",
        "@esbuild/linux-arm": "0.19.9",
        "@esbuild/linux-arm64": "0.19.9",
        "@esbuild/linux-ia32": "0.19.9",
        "@esbuild/linux-loong64": "0.19.9",
        "@esbuild/linux-mips64el": "0.19.9",
        "@esbuild/linux-ppc64": "0.19.9",
        "@esbuild/linux-riscv64": "0.19.9",
        "@esbuild/linux-s390x": "0.19.9",
        "@esbuild/linux-x64": "0.19.9",
        "@esbuild/netbsd-x64": "0.19.9",
        "@esbuild/openbsd-x64": "0.19.9",
        "@esbuild/sun-x64": "0.19.9",
        "@esbuild/windows-arm64": "0.19.9",
        "@esbuild/windows-ia32": "0.19.9",
        "@esbuild/windows-x64": "0.19.9"
      }
    },
    "node_modules/fsevents": {
      "version": "2.3.3",
      "resolved": "https://registry.npmjs.org/fsevents/-/fsevents-2.3.3.tgz",
      "integrity": "sha512-5rrqanwRTSOKGQjpQBC3IWSlQ0Leg0HeabsucckSsDbB4URIBLyLRqAnkw2wPme6BudkfsUpM1YnaDI4IQD/nw==",
      "dev": true,
      "hasInstallScript": true,
      "optional": true,
      "os": [
        "darwin"
      ],
      "engines": {
        "node": "^8.16.0 || ^10.6.0 || >=11.0.0"
      }
    },
    "node_modules/js-tokens": {
      "version": "4.0.0",
      "resolved": "https://registry.npmjs.org/js-tokens/-/js-tokens-4.0.0.tgz",
      "integrity": "sha512-RdJUflcE3cUzKiMqQgsCu06FPu9UdIJO0beYbPhHN4k6apgJtifcoCtT9bcxOpYBtpD2kCM6Sbzg4CausW/PKQ==",
      "dev": true
    },
    "node_modules/jwt-decode": {
      "version": "3.1.2",
      "resolved": "https://registry.npmjs.org/jwt-decode/-/jwt-decode-3.1.2.tgz",
      "integrity": "sha512-UfpWE/VZn0iP50d8cz9vSgeO2S9D6iFB9pTIA9I+4M_72c4iTCwjsoSJ1IFvG2mAgIdwiIYq4mRgMjSDE3FrPA=="
    },
    "node_modules/lightningcss": {
      "version": "1.22.1",
      "resolved": "https://registry.npmjs.org/lightningcss/-/lightningcss-1.22.1.tgz",
      "integrity": "sha512-Q/Uv8A+3WpW3C94bF2YI4PLf9492k1xDU4YlT957T2f16JvOqn9L3wN/iM/u/Y4YgQ3Q/QSK9T2Wj+zLw==",
      "dev": true,
      "hasInstallScript": true,
      "optionalDependencies": {
        "lightningcss-wasi": "1.22.1"
      }
    },
    "node_modules/lightningcss-wasi": {
      "version": "1.22.1",
      "resolved": "https://registry.npmjs.org/lightningcss-wasi/-/lightningcss-wasi-1.22.1.tgz",
      "integrity": "sha512-n2K53v1D4/s5T9LqR2k2ioZX9eEc7/uPQu9bC0lJkchCZEpIqQk2HBT39y+u4aHfL2/c7F9uY2YJNFg18sV/5w==",
      "dev": true,
      "optional": true
    },
    "node_modules/loose-envify": {
      "version": "1.4.0",
      "resolved": "https://registry.npmjs.org/loose-envify/-/loose-envify-1.4.0.tgz",
      "integrity": "sha512-lyuxPGr/Wfhrlem2CL/UcnUc1zcqKA3SyrM2rPPEC8EkflmlmztU31N1sU+wA3ioCb4qGF5ZGsRdFr8flR/D5A==",
      "dev": true,
      "dependencies": {
        "js-tokens": "^3.0.0 || ^4.0.0"
      },
      "bin": {
        "loose-envify": "cli.js"
      }
    },
    "node_modules/nanoid": {
      "version": "3.3.7",
      "resolved": "https://registry.npmjs.org/nanoid/-/nanoid-3.3.7.tgz",
      "integrity": "sha512-eSRppjcPIat8EXwGEJRYXBcdOU0sc22ejfSAIDDRneGKgcDRIdcDtX/48Wn0r2ykyagFWNYMGC1QZbpuKVw2pQ==",
      "dev": true,
      "bin": {
        "nanoid": "bin/nanoid.js"
      },
      "engines": {
        "node": "^10 || ^12 || ^13.7 || ^14 || >=15.0.1"
      }
    },
    "node_modules/node-fetch": {
      "version": "2.6.9",
      "resolved": "https://registry.npmjs.org/node-fetch/-/node-fetch-2.6.9.tgz",
      "integrity": "sha512-DJdpsF6aISB2S0C2H4knbFafY/K/92ncyu0s23r9IeQ8H346nEC2C82/Moa/b4f/1yKZ3g55M42Eu+R2A50ALg==",
      "dependencies": {
        "whatwg-url": "^5.0.0"
      },
      "engines": {
        "node": "4.x || >=6.0.0"
      },
      "peerDependencies": {
        "encoding": "^0.1.0"
      },
      "peerDependenciesMeta": {
        "encoding": {
          "optional": true
        }
      }
    },
    "node_modules/picocolors": {
      "version": "1.0.0",
      "resolved": "https://registry.npmjs.org/picocolors/-/picocolors-1.0.0.tgz",
      "integrity": "sha512-12FGBCmDM9dsGX5lv+a0mU4KWpP1SSESLMwFcsEsuysWOi4BEadBjCl+B2yUS5eUzEIg5bt4oTJEUGCCN7pTUg==",
      "dev": true
    },
    "node_modules/postcss": {
      "version": "8.4.32",
      "resolved": "https://registry.npmjs.org/postcss/-/postcss-8.4.32.tgz",
      "integrity": "sha512-wxUMrM59wa/m22A3Q9BP26B1b4A84Jmm80n8h3b2p1j20D235tHs65ACg01BqJq2lS0LwbH3k7/8Syx3K5tqg==",
      "dev": true,
      "dependencies": {
        "nanoid": "^3.3.7",
        "picocolors": "^1.0.0",
        "source-map-js": "^1.0.2"
      },
      "engines": {
        "node": "^10 || ^12 || >=14"
      },
      "funding": {
        "type": "opencollective",
        "url": "https://opencollective.com/postcss/"
      }
    },
    "node_modules/react": {
      "version": "18.2.0",
      "resolved": "https://registry.npmjs.org/react/-/react-18.2.0.tgz",
      "integrity": "sha512-/3IjMdbBCA51B/zYce54rAEf2YTOZJeIL7PO4oAfDRRNIHOHPAMDYY32OTsgIpEiiyGmsWbIFRMUr4yl5aXC9g==",
      "dependencies": {
        "loose-envify": "^1.1.0"
      },
      "engines": {
        "node": ">=0.10.0"
      }
    },
    "node_modules/react-dom": {
      "version": "18.2.0",
      "resolved": "https://registry.npmjs.org/react-dom/-/react-dom-18.2.0.tgz",
      "integrity": "sha512-6IMTriUmvsjHUjNtEDudZfuDQUoWzFKmsDfd/hp2fYBHmn0xWuDA7uEgG5Y7L8PCPGi5I5SSYV56LA+3Die4Ow==",
      "dependencies": {
        "loose-envify": "^1.1.0",
        "scheduler": "^0.23.0"
      },
      "peerDependencies": {
        "react": "^18.2.0"
      }
    },
    "node_modules/react-is": {
      "version": "16.13.1",
      "resolved": "https://registry.npmjs.org/react-is/-/react-is-16.13.1.tgz",
      "integrity": "sha512-24e6ynE2H+OKt4kqsOvNd8kBpV65zoxbA4BVsEOB3ARVWQki/DHzaUoC5KuP/XVsoJDP9HUkrrYTCWRIm0e0jA=="
    },
    "node_modules/react-router": {
      "version": "6.21.1",
      "resolved": "https://registry.npmjs.org/react-router/-/react-router-6.21.1.tgz",
      "integrity": "sha512-pUABCtK0l8mty2a4Gg+x2QO/1eQ92L8QkvUVP/2tGyqfMlxL25sB3k5i6VpAWiE/o2lTlpKyKuunC8dF69Yflw==",
      "engines": {
        "node": ">=14.0.0"
      },
      "peerDependencies": {
        "react": ">=16.8"
      }
    },
    "node_modules/react-router-dom": {
      "version": "6.21.1",
      "resolved": "https://registry.npmjs.org/react-router-dom/-/react-router-dom-6.21.1.tgz",
      "integrity": "sha512-r7/P2/uM/S6FvFBuuIu/g3jRI1FNK0k0yWJc45R8pQl/w8BvLkN3kPxe1Uo42UOCf2sxhp5fN+k4I2LwQ+i8+Q==",
      "dependencies": {
        "react-router": "6.21.1"
      },
      "engines": {
        "node": ">=14.0.0"
      },
      "peerDependencies": {
        "react": ">=16.8",
        "react-dom": ">=16.8"
      }
    },
    "node_modules/react-smooth": {
      "version": "2.0.3",
      "resolved": "https://registry.npmjs.org/react-smooth/-/react-smooth-2.0.3.tgz",
      "integrity": "sha512-Y1YkFPGK7s01e9Lz2R2p16z80NfxXEk2Gqg+SAwuvJ212jkb7RkX2x4Ea+m7uB8hC2E21u3uHh9b/Vz/aY32gA==",
      "dependencies": {
        "prop-types": "^15.6.1",
        "react-is": "^16.4.2"
      },
      "peerDependencies": {
        "react": ">=16.3.0",
        "react-dom": ">=16.3.0"
